# This file was autogenerated by uv via the following command:
#    uv pip compile pyproject.toml -o uv.lock --index-strategy unsafe-best-match
colorama==0.4.6
    # via tqdm
contourpy==1.3.2
    # via matplotlib
cycler==0.12.1
    # via matplotlib
filelock==3.18.0
    # via torch
fonttools==4.58.1
    # via matplotlib
fsspec==2025.5.1
    # via torch
imageio==2.37.0
    # via uav-mcp2 (pyproject.toml)
intel-openmp==2021.4.0
    # via mkl
jinja2==3.1.6
    # via torch
kiwisolver==1.4.8
    # via matplotlib
markupsafe==3.0.1
    # via jinja2
matplotlib==3.10.0
    # via uav-mcp2 (pyproject.toml)
mkl==2021.4.0
    # via torch
mpmath==1.3.0
    # via sympy
networkx==3.5
    # via torch
numpy==1.26.4
    # via
    #   uav-mcp2 (pyproject.toml)
    #   contourpy
    #   imageio
    #   matplotlib
    #   torchvision
packaging==25.0
    # via matplotlib
pillow==11.2.1
    # via
    #   imageio
    #   matplotlib
    #   torchvision
pyparsing==3.2.3
    # via matplotlib
python-dateutil==2.9.0.post0
    # via matplotlib
six==1.17.0
    # via python-dateutil
sympy==1.14.0
    # via torch
tbb==2021.13.1
    # via mkl
torch==2.3.1+cu121
    # via
    #   uav-mcp2 (pyproject.toml)
    #   torchaudio
    #   torchvision
torchaudio==2.3.1+cu121
    # via uav-mcp2 (pyproject.toml)
torchvision==0.18.1+cu121
    # via uav-mcp2 (pyproject.toml)
tqdm==4.67.1
    # via uav-mcp2 (pyproject.toml)
typing-extensions==4.13.2
    # via torch
